Microsoft Visual Studio Solution File, Format Version 12.00
# Visual Studio 2012
Project("{FAE04EC0-301F-11D3-BF4B-00C04F79EFBC}") = "Komeiji_Koishi", "Komeiji_Koishi.csproj", "{88223A16-A624-4F62-AE84-703DEBAEE14E}"
EndProject
Global
	GlobalSection(SolutionConfigurationPlatforms) = preSolution
	Debug|Any CPU = Debug|Any CPU
	ExportDebug|Any CPU = ExportDebug|Any CPU
	ExportRelease|Any CPU = ExportRelease|Any CPU
	EndGlobalSection
	GlobalSection(ProjectConfigurationPlatforms) = postSolution
		{88223A16-A624-4F62-AE84-703DEBAEE14E}.Debug|Any CPU.ActiveCfg = Debug|Any CPU
		{88223A16-A624-4F62-AE84-703DEBAEE14E}.Debug|Any CPU.Build.0 = Debug|Any CPU
		{88223A16-A624-4F62-AE84-703DEBAEE14E}.ExportDebug|Any CPU.ActiveCfg = ExportDebug|Any CPU
		{88223A16-A624-4F62-AE84-703DEBAEE14E}.ExportDebug|Any CPU.Build.0 = ExportDebug|Any CPU
		{88223A16-A624-4F62-AE84-703DEBAEE14E}.ExportRelease|Any CPU.ActiveCfg = ExportRelease|Any CPU
		{88223A16-A624-4F62-AE84-703DEBAEE14E}.ExportRelease|Any CPU.Build.0 = ExportRelease|Any CPU
	EndGlobalSection
EndGlobal
